
Microsoft Visual Studio Solution File, Format Version 12.00
# Visual Studio Version 17
VisualStudioVersion = 17.2.32505.173
MinimumVisualStudioVersion = 10.0.40219.1
Project("{FAE04EC0-301F-11D3-BF4B-00C04F79EFBC}") = "Homework_01", "Homework_01\Homework_01.csproj", "{87680D92-A4FB-48B7-8D8F-40E40C1E1EF1}"
EndProject
Global
	GlobalSection(SolutionConfigurationPlatforms) = preSolution
		Debug|Any CPU = Debug|Any CPU
		Release|Any CPU = Release|Any CPU
	EndGlobalSection
	GlobalSection(ProjectConfigurationPlatforms) = postSolution
		{87680D92-A4FB-48B7-8D8F-40E40C1E1EF1}.Debug|Any CPU.ActiveCfg = Debug|Any CPU
		{87680D92-A4FB-48B7-8D8F-40E40C1E1EF1}.Debug|Any CPU.Build.0 = Debug|Any CPU
		{87680D92-A4FB-48B7-8D8F-40E40C1E1EF1}.Release|Any CPU.ActiveCfg = Release|Any CPU
		{87680D92-A4FB-48B7-8D8F-40E40C1E1EF1}.Release|Any CPU.Build.0 = Release|Any CPU
	EndGlobalSection
	GlobalSection(SolutionProperties) = preSolution
		HideSolutionNode = FALSE
	EndGlobalSection
	GlobalSection(ExtensibilityGlobals) = postSolution
		SolutionGuid = {E3ED83E1-178F-4390-8E60-11DF5AE39AAB}
	EndGlobalSection
EndGlobal
